
Microsoft Visual Studio Solution File, Format Version 12.00
# Visual Studio Version 17
VisualStudioVersion = 17.11.35208.52
MinimumVisualStudioVersion = 10.0.40219.1
Project("{9A19103F-16F7-4668-BE54-9A1E7A4F7556}") = "UserRepository", "UserRepository.csproj", "{E934BFB0-44B1-4BC4-8C0E-E881930844B9}"
EndProject
Global
	GlobalSection(SolutionConfigurationPlatforms) = preSolution
		Debug|Any CPU = Debug|Any CPU
		Release|Any CPU = Release|Any CPU
	EndGlobalSection
	GlobalSection(ProjectConfigurationPlatforms) = postSolution
		{E934BFB0-44B1-4BC4-8C0E-E881930844B9}.Debug|Any CPU.ActiveCfg = Debug|Any CPU
		{E934BFB0-44B1-4BC4-8C0E-E881930844B9}.Debug|Any CPU.Build.0 = Debug|Any CPU
		{E934BFB0-44B1-4BC4-8C0E-E881930844B9}.Release|Any CPU.ActiveCfg = Release|Any CPU
		{E934BFB0-44B1-4BC4-8C0E-E881930844B9}.Release|Any CPU.Build.0 = Release|Any CPU
	EndGlobalSection
	GlobalSection(SolutionProperties) = preSolution
		HideSolutionNode = FALSE
	EndGlobalSection
	GlobalSection(ExtensibilityGlobals) = postSolution
		SolutionGuid = {CC0AA414-F1BB-48A6-B304-4F617E8957D3}
	EndGlobalSection
EndGlobal
